
Microsoft Visual Studio Solution File, Format Version 12.00
# Visual Studio 15
Project("{FAE04EC0-301F-11D3-BF4B-00C04F79EFBC}") = "Assembly-CSharp", "Assembly-CSharp.csproj", "{69640D1D-59E7-C1E4-1C93-5A1CC6B4A31F}"
EndProject
Project("{FAE04EC0-301F-11D3-BF4B-00C04F79EFBC}") = "Assembly-CSharp-Editor", "Assembly-CSharp-Editor.csproj", "{43B54AE6-64BB-AAF1-B78C-112DCEF22CD5}"
EndProject
Global
	GlobalSection(SolutionConfigurationPlatforms) = preSolution
		Debug|Any CPU = Debug|Any CPU
		Release|Any CPU = Release|Any CPU
	EndGlobalSection
	GlobalSection(ProjectConfigurationPlatforms) = postSolution
		{69640D1D-59E7-C1E4-1C93-5A1CC6B4A31F}.Debug|Any CPU.ActiveCfg = Debug|Any CPU
		{69640D1D-59E7-C1E4-1C93-5A1CC6B4A31F}.Debug|Any CPU.Build.0 = Debug|Any CPU
		{69640D1D-59E7-C1E4-1C93-5A1CC6B4A31F}.Release|Any CPU.ActiveCfg = Release|Any CPU
		{69640D1D-59E7-C1E4-1C93-5A1CC6B4A31F}.Release|Any CPU.Build.0 = Release|Any CPU
		{43B54AE6-64BB-AAF1-B78C-112DCEF22CD5}.Debug|Any CPU.ActiveCfg = Debug|Any CPU
		{43B54AE6-64BB-AAF1-B78C-112DCEF22CD5}.Debug|Any CPU.Build.0 = Debug|Any CPU
		{43B54AE6-64BB-AAF1-B78C-112DCEF22CD5}.Release|Any CPU.ActiveCfg = Release|Any CPU
		{43B54AE6-64BB-AAF1-B78C-112DCEF22CD5}.Release|Any CPU.Build.0 = Release|Any CPU
	EndGlobalSection
	GlobalSection(SolutionProperties) = preSolution
		HideSolutionNode = FALSE
	EndGlobalSection
EndGlobal
